dependencies:
- name: redis
  repository: https://charts.bitnami.com/bitnami
  version: 20.11.5
- name: postgresql
  repository: https://charts.bitnami.com/bitnami
  version: 16.6.3
- name: manticoresearch
  repository: https://helm.manticoresearch.com
  version: 9.3.2
digest: sha256:025e002db2e276514c93515f01f24f9fb9d3cedd254f8a564ebcd502ff1ce244
generated: "2025-06-05T11:49:34.22270928+07:00"
