dependencies:
- name: redis
  repository: https://charts.bitnami.com/bitnami
  version: 20.11.5
- name: postgresql
  repository: https://charts.bitnami.com/bitnami
  version: 16.6.3
digest: sha256:d328b18c318bf5b71734235d6033bcd1fe94237daa6ab09b92a22e23c3d362de
generated: "2025-04-13T19:28:11.431677374+07:00"
